
Microsoft Visual Studio Solution File, Format Version 12.00
# Visual Studio Version 16
VisualStudioVersion = 16.0.28922.388
MinimumVisualStudioVersion = 10.0.40219.1
Project("{FAE04EC0-301F-11D3-BF4B-00C04F79EFBC}") = "WinForms", "WinForms\WinForms.csproj", "{93F03808-759A-43A7-9174-F2B143185872}"
EndProject
Project("{FAE04EC0-301F-11D3-BF4B-00C04F79EFBC}") = "Utilities", "Utilities\Utilities.csproj", "{92869A9A-2821-4158-B11E-E958ADE25AC0}"
EndProject
Project("{FAE04EC0-301F-11D3-BF4B-00C04F79EFBC}") = "Wpf", "Wpf\Wpf.csproj", "{A297A4CD-64F4-45B7-86ED-1AD81B6A6E1F}"
EndProject
Global
	GlobalSection(SolutionConfigurationPlatforms) = preSolution
		Debug|Any CPU = Debug|Any CPU
		Release|Any CPU = Release|Any CPU
	EndGlobalSection
	GlobalSection(ProjectConfigurationPlatforms) = postSolution
		{93F03808-759A-43A7-9174-F2B143185872}.Debug|Any CPU.ActiveCfg = Debug|Any CPU
		{93F03808-759A-43A7-9174-F2B143185872}.Debug|Any CPU.Build.0 = Debug|Any CPU
		{93F03808-759A-43A7-9174-F2B143185872}.Release|Any CPU.ActiveCfg = Release|Any CPU
		{93F03808-759A-43A7-9174-F2B143185872}.Release|Any CPU.Build.0 = Release|Any CPU
		{92869A9A-2821-4158-B11E-E958ADE25AC0}.Debug|Any CPU.ActiveCfg = Debug|Any CPU
		{92869A9A-2821-4158-B11E-E958ADE25AC0}.Debug|Any CPU.Build.0 = Debug|Any CPU
		{92869A9A-2821-4158-B11E-E958ADE25AC0}.Release|Any CPU.ActiveCfg = Release|Any CPU
		{92869A9A-2821-4158-B11E-E958ADE25AC0}.Release|Any CPU.Build.0 = Release|Any CPU
		{A297A4CD-64F4-45B7-86ED-1AD81B6A6E1F}.Debug|Any CPU.ActiveCfg = Debug|Any CPU
		{A297A4CD-64F4-45B7-86ED-1AD81B6A6E1F}.Debug|Any CPU.Build.0 = Debug|Any CPU
		{A297A4CD-64F4-45B7-86ED-1AD81B6A6E1F}.Release|Any CPU.ActiveCfg = Release|Any CPU
		{A297A4CD-64F4-45B7-86ED-1AD81B6A6E1F}.Release|Any CPU.Build.0 = Release|Any CPU
	EndGlobalSection
	GlobalSection(SolutionProperties) = preSolution
		HideSolutionNode = FALSE
	EndGlobalSection
	GlobalSection(ExtensibilityGlobals) = postSolution
		SolutionGuid = {D91B7032-B836-426E-AE7F-32630F6EE624}
	EndGlobalSection
EndGlobal
